{
  "version": "2",
  "remote": {
    "https://cdn.skypack.dev/-/argsarray@v0.0.1-Re4xFllK2yOPV1bB2lHM/dist=es2020,mode=imports/optimized/argsarray.js": "bb4106096b2ac9b3bdfe941564050fb4766d39a75a8c22f5f61356f63fd2b8fe",
    "https://cdn.skypack.dev/-/immediate@v3.3.0-eUEi0sql9WWEFvjSWGFg/dist=es2020,mode=imports/optimized/immediate.js": "88fcd56a4979b00c084943654b81dbf9d9d8f8d4dc003ad6dc4bbe33334d0f8d",
    "https://cdn.skypack.dev/-/indexeddbshim@v9.0.0-QVaW8rBIOGlJegwkWTsK/dist=es2020,mode=imports/unoptimized/dist/indexeddbshim-noninvasive.js": "036e9191db93ef296b84a8a59192d4851f231e3b76a638543491cf81fe08b666",
    "https://cdn.skypack.dev/-/inherits@v2.0.4-KMaJYACWZTuZGLpDmPB5/dist=es2020,mode=imports/optimized/inherits.js": "7dcafb2d3af9496f5ac53efdcfdb0badd089b592c117476dd5989065f4c33a49",
    "https://cdn.skypack.dev/-/pouchdb-abstract-mapreduce@v7.3.0-fMORG4ocVW5OgreqkBuR/dist=es2020,mode=imports/optimized/pouchdb-abstract-mapreduce.js": "b5126de011968498d5a4c002aae6f261732e474d01d71a3367d0bff4d797c74c",
    "https://cdn.skypack.dev/-/pouchdb-adapter-http@v7.3.0-wNzBHi1B5WLNzMPlTnWb/dist=es2020,mode=imports/optimized/pouchdb-adapter-http.js": "e6bf2933c4e87f39a30995bfd29d141e8912ab2068e1beaf2ddca6a7606d12a0",
    "https://cdn.skypack.dev/-/pouchdb-adapter-idb@v7.3.0-zIdGq675NuTdgkAjGFSh/dist=es2020,mode=imports/optimized/pouchdb-adapter-idb.js": "d610fbaaab7014a70cb752c44792f14941f04a62ae6dd0a6f15aedfa08db498c",
    "https://cdn.skypack.dev/-/pouchdb-adapter-utils@v7.3.0-HAuHaBCKqnQCWVHSh0CE/dist=es2020,mode=imports/optimized/pouchdb-adapter-utils.js": "0cf6e4a64bab3c7fb190e6f620916b23182e4789ec164c2686a83c6e6d629cf6",
    "https://cdn.skypack.dev/-/pouchdb-binary-utils@v7.3.0-nbM9O3PTtER73MW08VHL/dist=es2020,mode=imports/optimized/pouchdb-binary-utils.js": "259d51f59c5fe21c8622c3b9ee31322f1aad777325d6763246d1088ca025014d",
    "https://cdn.skypack.dev/-/pouchdb-changes-filter@v7.3.0-i2nCRKrVO4SVheQqH1VH/dist=es2020,mode=imports/optimized/pouchdb-changes-filter.js": "2d2581347ab363285d0cf67a06249895a6580fcf38f4bf9fd34910a6a349500e",
    "https://cdn.skypack.dev/-/pouchdb-checkpointer@v7.3.0-FgVgNyKQoYg7STKScPyW/dist=es2020,mode=imports/optimized/pouchdb-checkpointer.js": "8482f659ca54bd1161ab2f5fe996eaac443cb80a55ad5248e8670d7609fe09d5",
    "https://cdn.skypack.dev/-/pouchdb-collate@v7.3.0-uISbLVYNp6Ary8ZnWDk6/dist=es2020,mode=imports/optimized/pouchdb-collate.js": "c26d78ed7ba8b13c04525f920fcc7389807ccb9a53aa00e76559f4ce5e1d0822",
    "https://cdn.skypack.dev/-/pouchdb-collections@v7.3.0-KI6SvylZjJ3eNzTohFa8/dist=es2020,mode=imports/optimized/pouchdb-collections.js": "39839b991a36d9cfe2f5d48349b388718376cb4c4e4604d71827a0a3cc354b3e",
    "https://cdn.skypack.dev/-/pouchdb-core@v7.3.0-89HuCNEcWBT7jv1msAf2/dist=es2020,mode=imports/optimized/pouchdb-core.js": "79c76ce4ff837d22497b937f8fc38753231c88b9e6909b8ad5ea84b1592d5cc7",
    "https://cdn.skypack.dev/-/pouchdb-errors@v7.3.0-b2kOuuJlfogCqGmKJ3cE/dist=es2020,mode=imports/optimized/pouchdb-errors.js": "1929c3baa144a4e695b13b0619730f926a47d2fc75db23797080630f6e10d446",
    "https://cdn.skypack.dev/-/pouchdb-fetch@v7.3.0-l6TNSgCRVLaoNt6NIhoj/dist=es2020,mode=imports/optimized/pouchdb-fetch.js": "f86a93cdde25a99f2a367bf37c59f3868e5849bbf86fade930934fd009164ae2",
    "https://cdn.skypack.dev/-/pouchdb-generate-replication-id@v7.3.0-92wIMCAEIhWHlL6vvzqO/dist=es2020,mode=imports/optimized/pouchdb-generate-replication-id.js": "204a6af729435d6ef8ae964ab580f43465857f396a723ba24496df1644ba1195",
    "https://cdn.skypack.dev/-/pouchdb-json@v7.3.0-QrCWWu9xBqDiiAjgY3qI/dist=es2020,mode=imports/optimized/pouchdb-json.js": "a94720f3fa6bd1e2d29b809dd3535f86d089b42a6562649daf4873af7214898d",
    "https://cdn.skypack.dev/-/pouchdb-mapreduce-utils@v7.3.0-uk0yBIwcmUN7Ynh9k0mR/dist=es2020,mode=imports/optimized/pouchdb-mapreduce-utils.js": "37c6bd3ca695e4d56568849f4ae1f8f3f8825efcc7208de6e8bbf822b37df09b",
    "https://cdn.skypack.dev/-/pouchdb-mapreduce@v7.3.0-IEG2Gq1jfS0hW8QXVXqd/dist=es2020,mode=imports/optimized/pouchdb-mapreduce.js": "e3ed446100872faa2d2ed25fa05b82a833b5d4d96e20006334484377438d6d8d",
    "https://cdn.skypack.dev/-/pouchdb-md5@v7.3.0-0HU1827yDgECvXSzkhzH/dist=es2020,mode=imports/optimized/pouchdb-md5.js": "99b13350416e213a9c02ee3e4da24f8d0489365f52c93b6230d1a6638dc43c5a",
    "https://cdn.skypack.dev/-/pouchdb-merge@v7.3.0-vvgzG4W7pg25SW1phNqO/dist=es2020,mode=imports/optimized/pouchdb-merge.js": "aa659cd592e7f0db62244de2db64d966a23f3314fa083c4034626fc300eae9e5",
    "https://cdn.skypack.dev/-/pouchdb-replication@v7.3.0-1sg1NWcwDf6gKFeXsMmq/dist=es2020,mode=imports/optimized/pouchdb-replication.js": "50a23799d9672b7c35811962aa353ab219429dc24e7817fa553ee4d3cb7e9b48",
    "https://cdn.skypack.dev/-/pouchdb-selector-core@v7.3.0-HnJHYQOVROLoDb3C4d0W/dist=es2020,mode=imports/optimized/pouchdb-selector-core.js": "ff34b9d2a1ae288a0d41877b6b690f70a6b03b03646a4ebbd1b4e1d5ceba91e3",
    "https://cdn.skypack.dev/-/pouchdb-utils@v7.3.0-lHJj9wXpdEf2oG8XiJXZ/dist=es2020,mode=imports/optimized/pouchdb-utils.js": "37b766c97103f10093a727687f098a28ca8cbeae268d70bcd901d0e9b49e2fce",
    "https://cdn.skypack.dev/-/pouchdb@v7.3.0-bcA2ZAvx5a5vy7YRYZRz/dist=es2020,mode=imports/unoptimized/dist/pouchdb.find.js": "d4119c6abf1784f696516fae1f877afb966dd4cfd24d5cfd1af67acf94d4bb93",
    "https://cdn.skypack.dev/-/pouchdb@v7.3.0-bcA2ZAvx5a5vy7YRYZRz/dist=es2020,mode=imports/unoptimized/dist/pouchdb.indexeddb.js": "6a3702543f111203bf7aa6ce2e46e4d43ee5a8af3e3bc62b2450b5eeab98440d",
    "https://cdn.skypack.dev/-/pouchdb@v7.3.0-bcA2ZAvx5a5vy7YRYZRz/dist=es2020,mode=imports/unoptimized/dist/pouchdb.memory.js": "320f1d95baafc704ebace29422a81e4e9590d05126b8b452eac7a9d73a98d168",
    "https://cdn.skypack.dev/-/regenerator-runtime@v0.13.9-4Dxus9nU31cBsHxnWq2H/dist=es2020,mode=imports/optimized/regenerator-runtime.js": "9d5c28ca64c45a9e606d5f3b35aec61568ed451495968171c8cc3ef1923cb7fe",
    "https://cdn.skypack.dev/-/spark-md5@v3.0.2-31IazxoH2otDpq6Lubie/dist=es2020,mode=imports/optimized/spark-md5.js": "ac666d651e859b06a3b252cb250066834bb42952042ce19b9912008b912580dd",
    "https://cdn.skypack.dev/-/uuid@v8.3.2-XAQ9X05vJqvKpZccxFGc/dist=es2020,mode=imports/optimized/uuid.js": "2269db8209b0d0e0430b48430585ef0dfe4388c020b7d371643f318a3b795164",
    "https://cdn.skypack.dev/-/vuvuzela@v1.0.3-Fudn0YxONVgYHwntZdNF/dist=es2020,mode=imports/optimized/vuvuzela.js": "71c6d000d344162f3ec11eee7d404ed11be9c8d09252ddc1c42741a22913bad0",
    "https://cdn.skypack.dev/pin/indexeddbshim@v9.0.0-QVaW8rBIOGlJegwkWTsK/mode=imports/unoptimized/dist/indexeddbshim-noninvasive.js": "978a698ccf50ce19735b1da6cad00277cc8fc790610df183c61c2f9cc1df9c9b",
    "https://cdn.skypack.dev/pin/pouchdb-adapter-http@v7.3.0-wNzBHi1B5WLNzMPlTnWb/mode=imports/optimized/pouchdb-adapter-http.js": "023e92d130094b0e43638ee849b5b4f539fd987034104452c933fcd505a96242",
    "https://cdn.skypack.dev/pin/pouchdb-adapter-idb@v7.3.0-zIdGq675NuTdgkAjGFSh/mode=imports/optimized/pouchdb-adapter-idb.js": "76bd6a4758f5c20caa03cba2b52a7345d5d724393bda93b82131342461d300d4",
    "https://cdn.skypack.dev/pin/pouchdb-core@v7.3.0-89HuCNEcWBT7jv1msAf2/mode=imports/optimized/pouchdb-core.js": "66ab654df46ef713bc9822010e2a9be5caa974ece65a88f72e10951836da3b99",
    "https://cdn.skypack.dev/pin/pouchdb-mapreduce@v7.3.0-IEG2Gq1jfS0hW8QXVXqd/mode=imports/optimized/pouchdb-mapreduce.js": "e6d57d046d89e21e2102bee9e25612e2bf7209b707176dcc7cabc0a563d61acb",
    "https://cdn.skypack.dev/pin/pouchdb-replication@v7.3.0-1sg1NWcwDf6gKFeXsMmq/mode=imports/optimized/pouchdb-replication.js": "d3b8ba7a4e4f6989e7fcef6d939f90ae85406e8c75694b351066ebfffe3116bb",
    "https://cdn.skypack.dev/pin/pouchdb@v7.3.0-bcA2ZAvx5a5vy7YRYZRz/mode=imports/unoptimized/dist/pouchdb.find.js": "405eb07824af0b741c87b2995286c5fbc5b09f0784b0afabcd9321cda1439748",
    "https://cdn.skypack.dev/pin/pouchdb@v7.3.0-bcA2ZAvx5a5vy7YRYZRz/mode=imports/unoptimized/dist/pouchdb.indexeddb.js": "17dfd5b4c782e8029934c5560cf797e48c7fb146bbf528823cf84ab3565e0e93",
    "https://cdn.skypack.dev/pin/pouchdb@v7.3.0-bcA2ZAvx5a5vy7YRYZRz/mode=imports/unoptimized/dist/pouchdb.memory.js": "88ba4da511e89091bb2e3b21e64c74052d8a9c5676ff8902637ed1db71950370",
    "https://cdn.skypack.dev/pin/regenerator-runtime@v0.13.9-4Dxus9nU31cBsHxnWq2H/mode=imports/optimized/regenerator-runtime.js": "091dd6c5266025b80081cdd5bbadd9f6e03cad950c8a16c7454b58d77b422253",
    "https://deno.land/std@0.126.0/_util/assert.ts": "6396c1bd0361c4939e7f32f9b03efffcd04b640a1b206ed67058553d6cb59cc4",
    "https://deno.land/std@0.126.0/_util/os.ts": "49b92edea1e82ba295ec946de8ffd956ed123e2948d9bd1d3e901b04e4307617",
    "https://deno.land/std@0.126.0/bytes/bytes_list.ts": "cfe63225fc153a1ae8f18c1d68d979e131906487664719d92771642b6587b11c",
    "https://deno.land/std@0.126.0/bytes/equals.ts": "6f38a72d4a75a1232fe984e5fb362b962c2e9bec6385f4ca13252e1ca53dba00",
    "https://deno.land/std@0.126.0/bytes/mod.ts": "ed5c42feb746c3709d186787346004f97301dc076b33434653e451efd8efcf6a",
    "https://deno.land/std@0.126.0/encoding/base64.ts": "784384e3cc39c59534d15f71e87f5b8da73cc5e1460417eb32ec9d62617d4f87",
    "https://deno.land/std@0.126.0/http/http_status.ts": "3e0b5615881917ad82bddf5395fbab6a82d2d20c1d77e98089513a26e3257b2c",
    "https://deno.land/std@0.126.0/io/buffer.ts": "09e3111ebf8f354afcc6cdf9697f21167e8289f57bf753650f68b231f4782187",
    "https://deno.land/std@0.126.0/io/readers.ts": "679471f3b9929b54393c9cd75b6bd178b4bc6d9aab5c0f1f9538f862cf4746fe",
    "https://deno.land/std@0.126.0/io/types.d.ts": "01f60ae7ec02675b5dbed150d258fc184a78dfe5c209ef53ba4422b46b58822c",
    "https://deno.land/std@0.126.0/path/_constants.ts": "df1db3ffa6dd6d1252cc9617e5d72165cd2483df90e93833e13580687b6083c3",
    "https://deno.land/std@0.126.0/path/_interface.ts": "ee3b431a336b80cf445441109d089b70d87d5e248f4f90ff906820889ecf8d09",
    "https://deno.land/std@0.126.0/path/_util.ts": "c1e9686d0164e29f7d880b2158971d805b6e0efc3110d0b3e24e4b8af2190d2b",
    "https://deno.land/std@0.126.0/path/common.ts": "bee563630abd2d97f99d83c96c2fa0cca7cee103e8cb4e7699ec4d5db7bd2633",
    "https://deno.land/std@0.126.0/path/glob.ts": "cb5255638de1048973c3e69e420c77dc04f75755524cb3b2e160fe9277d939ee",
    "https://deno.land/std@0.126.0/path/mod.ts": "4275129bb766f0e475ecc5246aa35689eeade419d72a48355203f31802640be7",
    "https://deno.land/std@0.126.0/path/posix.ts": "663e4a6fe30a145f56aa41a22d95114c4c5582d8b57d2d7c9ed27ad2c47636bb",
    "https://deno.land/std@0.126.0/path/separator.ts": "fe1816cb765a8068afb3e8f13ad272351c85cbc739af56dacfc7d93d710fe0f9",
    "https://deno.land/std@0.126.0/path/win32.ts": "e7bdf63e8d9982b4d8a01ef5689425c93310ece950e517476e22af10f41a136e",
    "https://deno.land/std@0.126.0/streams/conversion.ts": "fec481215c9c376047e7cc4251933c37f00708b2a582ee39b320c6e0a7e1e379",
    "https://deno.land/std@0.130.0/_deno_unstable.ts": "23a1a36928f1b6d3b0170aaa67de09af12aa998525f608ff7331b9fb364cbde6",
    "https://deno.land/std@0.130.0/_util/assert.ts": "e94f2eb37cebd7f199952e242c77654e43333c1ac4c5c700e929ea3aa5489f74",
    "https://deno.land/std@0.130.0/_util/os.ts": "49b92edea1e82ba295ec946de8ffd956ed123e2948d9bd1d3e901b04e4307617",
    "https://deno.land/std@0.130.0/bytes/bytes_list.ts": "67eb118e0b7891d2f389dad4add35856f4ad5faab46318ff99653456c23b025d",
    "https://deno.land/std@0.130.0/bytes/equals.ts": "fc16dff2090cced02497f16483de123dfa91e591029f985029193dfaa9d894c9",
    "https://deno.land/std@0.130.0/bytes/mod.ts": "d3b455c0dbd4804644159d1e25946ade5ee385d2359894de49e2c6101b18b7a9",
    "https://deno.land/std@0.130.0/fmt/colors.ts": "30455035d6d728394781c10755351742dd731e3db6771b1843f9b9e490104d37",
    "https://deno.land/std@0.130.0/fs/_util.ts": "0fb24eb4bfebc2c194fb1afdb42b9c3dda12e368f43e8f2321f84fc77d42cb0f",
    "https://deno.land/std@0.130.0/fs/copy.ts": "9248d1492599957af8c693ceb10a432b09f0b0b61c60a4d6aff29b0c7d3a17b3",
    "https://deno.land/std@0.130.0/fs/empty_dir.ts": "7274d87160de34cbed0531e284df383045cf43543bbeadeb97feac598bd8f3c5",
    "https://deno.land/std@0.130.0/fs/ensure_dir.ts": "9dc109c27df4098b9fc12d949612ae5c9c7169507660dcf9ad90631833209d9d",
    "https://deno.land/std@0.130.0/fs/ensure_file.ts": "7d353e64fee3d4d1e7c6b6726a2a5e987ba402c15fb49566309042887349c545",
    "https://deno.land/std@0.130.0/fs/ensure_link.ts": "489e23df9fe3e6636048b5830ddf0f111eb29621eb85719255ad9bd645f3471b",
    "https://deno.land/std@0.130.0/fs/ensure_symlink.ts": "88dc83de1bc90ed883dd458c2d2eae3d5834a4617d12925734836e1f0803b274",
    "https://deno.land/std@0.130.0/fs/eol.ts": "b92f0b88036de507e7e6fbedbe8f666835ea9dcbf5ac85917fa1fadc919f83a5",
    "https://deno.land/std@0.130.0/fs/exists.ts": "cb734d872f8554ea40b8bff77ad33d4143c1187eac621a55bf37781a43c56f6d",
    "https://deno.land/std@0.130.0/fs/expand_glob.ts": "0c10130d67c9b02164b03df8e43c6d6defbf8e395cb69d09e84a8586e6d72ac3",
    "https://deno.land/std@0.130.0/fs/mod.ts": "4dc052c461c171abb5c25f6e0f218ab838a716230930b534ba351745864b7d6d",
    "https://deno.land/std@0.130.0/fs/move.ts": "0573cedcf583f09a9494f2dfccbf67de68a93629942d6b5e6e74a9e45d4e8a2e",
    "https://deno.land/std@0.130.0/fs/walk.ts": "117403ccd21fd322febe56ba06053b1ad5064c802170f19b1ea43214088fe95f",
    "https://deno.land/std@0.130.0/io/buffer.ts": "bd0c4bf53db4b4be916ca5963e454bddfd3fcd45039041ea161dbf826817822b",
    "https://deno.land/std@0.130.0/io/types.d.ts": "01f60ae7ec02675b5dbed150d258fc184a78dfe5c209ef53ba4422b46b58822c",
    "https://deno.land/std@0.130.0/log/handlers.ts": "f23c58814771be49e203ff81c2852894347e602718d5bcd279e47060fd0192e9",
    "https://deno.land/std@0.130.0/log/levels.ts": "82c965b90f763b5313e7595d4ba78d5095a13646d18430ebaf547526131604d1",
    "https://deno.land/std@0.130.0/log/logger.ts": "30770bf29053d1c8d1054ec52ab385da8e5b8a43973da32c84dea819e5a11b52",
    "https://deno.land/std@0.130.0/log/mod.ts": "e200a8600a9e9ac2b10668fda0e6537a1444c5050ea6a04c826df52519bf35fd",
    "https://deno.land/std@0.130.0/path/_constants.ts": "df1db3ffa6dd6d1252cc9617e5d72165cd2483df90e93833e13580687b6083c3",
    "https://deno.land/std@0.130.0/path/_interface.ts": "ee3b431a336b80cf445441109d089b70d87d5e248f4f90ff906820889ecf8d09",
    "https://deno.land/std@0.130.0/path/_util.ts": "c1e9686d0164e29f7d880b2158971d805b6e0efc3110d0b3e24e4b8af2190d2b",
    "https://deno.land/std@0.130.0/path/common.ts": "bee563630abd2d97f99d83c96c2fa0cca7cee103e8cb4e7699ec4d5db7bd2633",
    "https://deno.land/std@0.130.0/path/glob.ts": "cb5255638de1048973c3e69e420c77dc04f75755524cb3b2e160fe9277d939ee",
    "https://deno.land/std@0.130.0/path/mod.ts": "4275129bb766f0e475ecc5246aa35689eeade419d72a48355203f31802640be7",
    "https://deno.land/std@0.130.0/path/posix.ts": "663e4a6fe30a145f56aa41a22d95114c4c5582d8b57d2d7c9ed27ad2c47636bb",
    "https://deno.land/std@0.130.0/path/separator.ts": "fe1816cb765a8068afb3e8f13ad272351c85cbc739af56dacfc7d93d710fe0f9",
    "https://deno.land/std@0.130.0/path/win32.ts": "e7bdf63e8d9982b4d8a01ef5689425c93310ece950e517476e22af10f41a136e",
    "https://deno.land/std@0.136.0/_util/assert.ts": "e94f2eb37cebd7f199952e242c77654e43333c1ac4c5c700e929ea3aa5489f74",
    "https://deno.land/std@0.136.0/_util/os.ts": "49b92edea1e82ba295ec946de8ffd956ed123e2948d9bd1d3e901b04e4307617",
    "https://deno.land/std@0.136.0/path/_constants.ts": "df1db3ffa6dd6d1252cc9617e5d72165cd2483df90e93833e13580687b6083c3",
    "https://deno.land/std@0.136.0/path/_interface.ts": "ee3b431a336b80cf445441109d089b70d87d5e248f4f90ff906820889ecf8d09",
    "https://deno.land/std@0.136.0/path/_util.ts": "c1e9686d0164e29f7d880b2158971d805b6e0efc3110d0b3e24e4b8af2190d2b",
    "https://deno.land/std@0.136.0/path/common.ts": "bee563630abd2d97f99d83c96c2fa0cca7cee103e8cb4e7699ec4d5db7bd2633",
    "https://deno.land/std@0.136.0/path/glob.ts": "cb5255638de1048973c3e69e420c77dc04f75755524cb3b2e160fe9277d939ee",
    "https://deno.land/std@0.136.0/path/mod.ts": "4275129bb766f0e475ecc5246aa35689eeade419d72a48355203f31802640be7",
    "https://deno.land/std@0.136.0/path/posix.ts": "293cdaec3ecccec0a9cc2b534302dfe308adb6f10861fa183275d6695faace44",
    "https://deno.land/std@0.136.0/path/separator.ts": "fe1816cb765a8068afb3e8f13ad272351c85cbc739af56dacfc7d93d710fe0f9",
    "https://deno.land/std@0.136.0/path/win32.ts": "31811536855e19ba37a999cd8d1b62078235548d67902ece4aa6b814596dd757",
    "https://deno.land/std@0.140.0/_util/assert.ts": "e94f2eb37cebd7f199952e242c77654e43333c1ac4c5c700e929ea3aa5489f74",
    "https://deno.land/std@0.140.0/_util/os.ts": "3b4c6e27febd119d36a416d7a97bd3b0251b77c88942c8f16ee5953ea13e2e49",
    "https://deno.land/std@0.140.0/bytes/bytes_list.ts": "67eb118e0b7891d2f389dad4add35856f4ad5faab46318ff99653456c23b025d",
    "https://deno.land/std@0.140.0/bytes/equals.ts": "fc16dff2090cced02497f16483de123dfa91e591029f985029193dfaa9d894c9",
    "https://deno.land/std@0.140.0/bytes/mod.ts": "763f97d33051cc3f28af1a688dfe2830841192a9fea0cbaa55f927b49d49d0bf",
    "https://deno.land/std@0.140.0/fmt/colors.ts": "30455035d6d728394781c10755351742dd731e3db6771b1843f9b9e490104d37",
    "https://deno.land/std@0.140.0/fs/_util.ts": "0fb24eb4bfebc2c194fb1afdb42b9c3dda12e368f43e8f2321f84fc77d42cb0f",
    "https://deno.land/std@0.140.0/fs/ensure_dir.ts": "9dc109c27df4098b9fc12d949612ae5c9c7169507660dcf9ad90631833209d9d",
    "https://deno.land/std@0.140.0/hash/sha256.ts": "803846c7a5a8a5a97f31defeb37d72f519086c880837129934f5d6f72102a8e8",
    "https://deno.land/std@0.140.0/io/buffer.ts": "bd0c4bf53db4b4be916ca5963e454bddfd3fcd45039041ea161dbf826817822b",
    "https://deno.land/std@0.140.0/io/types.d.ts": "01f60ae7ec02675b5dbed150d258fc184a78dfe5c209ef53ba4422b46b58822c",
    "https://deno.land/std@0.140.0/path/_constants.ts": "df1db3ffa6dd6d1252cc9617e5d72165cd2483df90e93833e13580687b6083c3",
    "https://deno.land/std@0.140.0/path/_interface.ts": "ee3b431a336b80cf445441109d089b70d87d5e248f4f90ff906820889ecf8d09",
    "https://deno.land/std@0.140.0/path/_util.ts": "c1e9686d0164e29f7d880b2158971d805b6e0efc3110d0b3e24e4b8af2190d2b",
    "https://deno.land/std@0.140.0/path/common.ts": "bee563630abd2d97f99d83c96c2fa0cca7cee103e8cb4e7699ec4d5db7bd2633",
    "https://deno.land/std@0.140.0/path/glob.ts": "cb5255638de1048973c3e69e420c77dc04f75755524cb3b2e160fe9277d939ee",
    "https://deno.land/std@0.140.0/path/mod.ts": "d3e68d0abb393fb0bf94a6d07c46ec31dc755b544b13144dee931d8d5f06a52d",
    "https://deno.land/std@0.140.0/path/posix.ts": "293cdaec3ecccec0a9cc2b534302dfe308adb6f10861fa183275d6695faace44",
    "https://deno.land/std@0.140.0/path/separator.ts": "fe1816cb765a8068afb3e8f13ad272351c85cbc739af56dacfc7d93d710fe0f9",
    "https://deno.land/std@0.140.0/path/win32.ts": "31811536855e19ba37a999cd8d1b62078235548d67902ece4aa6b814596dd757",
    "https://deno.land/std@0.140.0/streams/conversion.ts": "712585bfa0172a97fb68dd46e784ae8ad59d11b88079d6a4ab098ff42e697d21",
    "https://deno.land/std@0.173.0/_util/asserts.ts": "178dfc49a464aee693a7e285567b3d0b555dc805ff490505a8aae34f9cfb1462",
    "https://deno.land/std@0.173.0/_util/os.ts": "d932f56d41e4f6a6093d56044e29ce637f8dcc43c5a90af43504a889cf1775e3",
    "https://deno.land/std@0.173.0/encoding/base32.ts": "cb15f16e53c580d2491637280302bc6cfeb48f8911521ea9c7895ba513a2bcc5",
    "https://deno.land/std@0.173.0/encoding/jsonc.ts": "02b86115d2b812f26789481ebcf4748171e8ece6514b60243b3733e2c200876a",
    "https://deno.land/std@0.173.0/fs/_util.ts": "65381f341af1ff7f40198cee15c20f59951ac26e51ddc651c5293e24f9ce6f32",
    "https://deno.land/std@0.173.0/fs/copy.ts": "14214efd94fc3aa6db1e4af2b4b9578e50f7362b7f3725d5a14ad259a5df26c8",
    "https://deno.land/std@0.173.0/fs/empty_dir.ts": "c3d2da4c7352fab1cf144a1ecfef58090769e8af633678e0f3fabaef98594688",
    "https://deno.land/std@0.173.0/fs/ensure_dir.ts": "724209875497a6b4628dfb256116e5651c4f7816741368d6c44aab2531a1e603",
    "https://deno.land/std@0.173.0/fs/ensure_file.ts": "c38602670bfaf259d86ca824a94e6cb9e5eb73757fefa4ebf43a90dd017d53d9",
    "https://deno.land/std@0.173.0/fs/ensure_link.ts": "c0f5b2f0ec094ed52b9128eccb1ee23362a617457aa0f699b145d4883f5b2fb4",
    "https://deno.land/std@0.173.0/fs/ensure_symlink.ts": "2955cc8332aeca9bdfefd05d8d3976b94e282b0f353392a71684808ed2ffdd41",
    "https://deno.land/std@0.173.0/fs/eol.ts": "f1f2eb348a750c34500741987b21d65607f352cf7205f48f4319d417fff42842",
    "https://deno.land/std@0.173.0/fs/exists.ts": "b8c8a457b71e9d7f29b9d2f87aad8dba2739cbe637e8926d6ba6e92567875f8e",
    "https://deno.land/std@0.173.0/fs/expand_glob.ts": "45d17e89796a24bd6002e4354eda67b4301bb8ba67d2cac8453cdabccf1d9ab0",
    "https://deno.land/std@0.173.0/fs/mod.ts": "bc3d0acd488cc7b42627044caf47d72019846d459279544e1934418955ba4898",
    "https://deno.land/std@0.173.0/fs/move.ts": "4cb47f880e3f0582c55e71c9f8b1e5e8cfaacb5e84f7390781dd563b7298ec19",
    "https://deno.land/std@0.173.0/fs/walk.ts": "ea95ffa6500c1eda6b365be488c056edc7c883a1db41ef46ec3bf057b1c0fe32",
    "https://deno.land/std@0.173.0/path/_constants.ts": "e49961f6f4f48039c0dfed3c3f93e963ca3d92791c9d478ac5b43183413136e0",
    "https://deno.land/std@0.173.0/path/_interface.ts": "6471159dfbbc357e03882c2266d21ef9afdb1e4aa771b0545e90db58a0ba314b",
    "https://deno.land/std@0.173.0/path/_util.ts": "86c2375a996c1931b2f2ac71fefd5ddf0cf0e579fa4ab12d3e4c552d4223b8d8",
    "https://deno.land/std@0.173.0/path/common.ts": "ee7505ab01fd22de3963b64e46cff31f40de34f9f8de1fff6a1bd2fe79380000",
    "https://deno.land/std@0.173.0/path/glob.ts": "d479e0a695621c94d3fd7fe7abd4f9499caf32a8de13f25073451c6ef420a4e1",
    "https://deno.land/std@0.173.0/path/mod.ts": "4b83694ac500d7d31b0cdafc927080a53dc0c3027eb2895790fb155082b0d232",
    "https://deno.land/std@0.173.0/path/posix.ts": "0874b341c2c6968ca38d323338b8b295ea1dae10fa872a768d812e2e7d634789",
    "https://deno.land/std@0.173.0/path/separator.ts": "0fb679739d0d1d7bf45b68dacfb4ec7563597a902edbaf3c59b50d5bcadd93b1",
    "https://deno.land/std@0.173.0/path/win32.ts": "672942919dd66ce1b8c224e77d3447e2ad8254eaff13fe6946420a9f78fa141e",
    "https://deno.land/std@0.188.0/_util/asserts.ts": "178dfc49a464aee693a7e285567b3d0b555dc805ff490505a8aae34f9cfb1462",
    "https://deno.land/std@0.188.0/_util/os.ts": "d932f56d41e4f6a6093d56044e29ce637f8dcc43c5a90af43504a889cf1775e3",
    "https://deno.land/std@0.188.0/path/_constants.ts": "e49961f6f4f48039c0dfed3c3f93e963ca3d92791c9d478ac5b43183413136e0",
    "https://deno.land/std@0.188.0/path/_interface.ts": "6471159dfbbc357e03882c2266d21ef9afdb1e4aa771b0545e90db58a0ba314b",
    "https://deno.land/std@0.188.0/path/_util.ts": "d7abb1e0dea065f427b89156e28cdeb32b045870acdf865833ba808a73b576d0",
    "https://deno.land/std@0.188.0/path/common.ts": "ee7505ab01fd22de3963b64e46cff31f40de34f9f8de1fff6a1bd2fe79380000",
    "https://deno.land/std@0.188.0/path/glob.ts": "d479e0a695621c94d3fd7fe7abd4f9499caf32a8de13f25073451c6ef420a4e1",
    "https://deno.land/std@0.188.0/path/mod.ts": "ee161baec5ded6510ee1d1fb6a75a0f5e4b41f3f3301c92c716ecbdf7dae910d",
    "https://deno.land/std@0.188.0/path/posix.ts": "8b7c67ac338714b30c816079303d0285dd24af6b284f7ad63da5b27372a2c94d",
    "https://deno.land/std@0.188.0/path/separator.ts": "0fb679739d0d1d7bf45b68dacfb4ec7563597a902edbaf3c59b50d5bcadd93b1",
    "https://deno.land/std@0.188.0/path/win32.ts": "d186344e5583bcbf8b18af416d13d82b35a317116e6460a5a3953508c3de5bba",
    "https://deno.land/std@0.192.0/_util/asserts.ts": "178dfc49a464aee693a7e285567b3d0b555dc805ff490505a8aae34f9cfb1462",
    "https://deno.land/std@0.192.0/_util/os.ts": "d932f56d41e4f6a6093d56044e29ce637f8dcc43c5a90af43504a889cf1775e3",
    "https://deno.land/std@0.192.0/bytes/copy.ts": "939d89e302a9761dcf1d9c937c7711174ed74c59eef40a1e4569a05c9de88219",
    "https://deno.land/std@0.192.0/fmt/colors.ts": "d67e3cd9f472535241a8e410d33423980bec45047e343577554d3356e1f0ef4e",
    "https://deno.land/std@0.192.0/fs/_util.ts": "fbf57dcdc9f7bc8128d60301eece608246971a7836a3bb1e78da75314f08b978",
    "https://deno.land/std@0.192.0/fs/copy.ts": "14214efd94fc3aa6db1e4af2b4b9578e50f7362b7f3725d5a14ad259a5df26c8",
    "https://deno.land/std@0.192.0/fs/empty_dir.ts": "c3d2da4c7352fab1cf144a1ecfef58090769e8af633678e0f3fabaef98594688",
    "https://deno.land/std@0.192.0/fs/ensure_dir.ts": "dc64c4c75c64721d4e3fb681f1382f803ff3d2868f08563ff923fdd20d071c40",
    "https://deno.land/std@0.192.0/fs/ensure_file.ts": "c38602670bfaf259d86ca824a94e6cb9e5eb73757fefa4ebf43a90dd017d53d9",
    "https://deno.land/std@0.192.0/fs/ensure_link.ts": "c0f5b2f0ec094ed52b9128eccb1ee23362a617457aa0f699b145d4883f5b2fb4",
    "https://deno.land/std@0.192.0/fs/ensure_symlink.ts": "5006ab2f458159c56d689b53b1e48d57e05eeb1eaf64e677f7f76a30bc4fdba1",
    "https://deno.land/std@0.192.0/fs/eol.ts": "f1f2eb348a750c34500741987b21d65607f352cf7205f48f4319d417fff42842",
    "https://deno.land/std@0.192.0/fs/exists.ts": "29c26bca8584a22876be7cb8844f1b6c8fc35e9af514576b78f5c6884d7ed02d",
    "https://deno.land/std@0.192.0/fs/expand_glob.ts": "e4f56259a0a70fe23f05215b00de3ac5e6ba46646ab2a06ebbe9b010f81c972a",
    "https://deno.land/std@0.192.0/fs/mod.ts": "bc3d0acd488cc7b42627044caf47d72019846d459279544e1934418955ba4898",
    "https://deno.land/std@0.192.0/fs/move.ts": "b4f8f46730b40c32ea3c0bc8eb0fd0e8139249a698883c7b3756424cf19785c9",
    "https://deno.land/std@0.192.0/fs/walk.ts": "920be35a7376db6c0b5b1caf1486fb962925e38c9825f90367f8f26b5e5d0897",
    "https://deno.land/std@0.192.0/io/buf_writer.ts": "48c33c8f00b61dcbc7958706741cec8e59810bd307bc6a326cbd474fe8346dfd",
    "https://deno.land/std@0.192.0/log/handlers.ts": "38871ecbfa67b0d39dc3384210439ac9a13cba6118b912236f9011b5989b9a4d",
    "https://deno.land/std@0.192.0/log/levels.ts": "6309147664e9e008cd6671610f2505c4c95f181f6bae4816a84b33e0aec66859",
    "https://deno.land/std@0.192.0/log/logger.ts": "257ceb47e3f5f872068073de9809b015a7400e8d86dd40563c1d80169e578f71",
    "https://deno.land/std@0.192.0/log/mod.ts": "36d156ad18de3f1806c6ddafa4965129be99ccafc27f1813de528d65b6c528bf",
    "https://deno.land/std@0.192.0/path/_constants.ts": "e49961f6f4f48039c0dfed3c3f93e963ca3d92791c9d478ac5b43183413136e0",
    "https://deno.land/std@0.192.0/path/_interface.ts": "6471159dfbbc357e03882c2266d21ef9afdb1e4aa771b0545e90db58a0ba314b",
    "https://deno.land/std@0.192.0/path/_util.ts": "d7abb1e0dea065f427b89156e28cdeb32b045870acdf865833ba808a73b576d0",
    "https://deno.land/std@0.192.0/path/common.ts": "ee7505ab01fd22de3963b64e46cff31f40de34f9f8de1fff6a1bd2fe79380000",
    "https://deno.land/std@0.192.0/path/glob.ts": "d479e0a695621c94d3fd7fe7abd4f9499caf32a8de13f25073451c6ef420a4e1",
    "https://deno.land/std@0.192.0/path/mod.ts": "f065032a7189404fdac3ad1a1551a9ac84751d2f25c431e101787846c86c79ef",
    "https://deno.land/std@0.192.0/path/posix.ts": "8b7c67ac338714b30c816079303d0285dd24af6b284f7ad63da5b27372a2c94d",
    "https://deno.land/std@0.192.0/path/separator.ts": "0fb679739d0d1d7bf45b68dacfb4ec7563597a902edbaf3c59b50d5bcadd93b1",
    "https://deno.land/std@0.192.0/path/win32.ts": "d186344e5583bcbf8b18af416d13d82b35a317116e6460a5a3953508c3de5bba",
    "https://deno.land/std@0.192.0/types.d.ts": "dbaeb2c4d7c526db9828fc8df89d8aecf53b9ced72e0c4568f97ddd8cda616a4",
    "https://deno.land/x/deno_cache@0.4.1/auth_tokens.ts": "5fee7e9155e78cedf3f6ff3efacffdb76ac1a76c86978658d9066d4fb0f7326e",
    "https://deno.land/x/deno_cache@0.4.1/cache.ts": "51f72f4299411193d780faac8c09d4e8cbee951f541121ef75fcc0e94e64c195",
    "https://deno.land/x/deno_cache@0.4.1/deno_dir.ts": "f2a9044ce8c7fe1109004cda6be96bf98b08f478ce77e7a07f866eff1bdd933f",
    "https://deno.land/x/deno_cache@0.4.1/deps.ts": "8974097d6c17e65d9a82d39377ae8af7d94d74c25c0cbb5855d2920e063f2343",
    "https://deno.land/x/deno_cache@0.4.1/dirs.ts": "d2fa473ef490a74f2dcb5abb4b9ab92a48d2b5b6320875df2dee64851fa64aa9",
    "https://deno.land/x/deno_cache@0.4.1/disk_cache.ts": "1f3f5232cba4c56412d93bdb324c624e95d5dd179d0578d2121e3ccdf55539f9",
    "https://deno.land/x/deno_cache@0.4.1/file_fetcher.ts": "07a6c5f8fd94bf50a116278cc6012b4921c70d2251d98ce1c9f3c352135c39f7",
    "https://deno.land/x/deno_cache@0.4.1/http_cache.ts": "f632e0d6ec4a5d61ae3987737a72caf5fcdb93670d21032ddb78df41131360cd",
    "https://deno.land/x/deno_cache@0.4.1/mod.ts": "ef1cda9235a93b89cb175fe648372fc0f785add2a43aa29126567a05e3e36195",
    "https://deno.land/x/deno_cache@0.4.1/util.ts": "8cb686526f4be5205b92c819ca2ce82220aa0a8dd3613ef0913f6dc269dbbcfe",
    "https://deno.land/x/deno_graph@0.26.0/lib/deno_graph.generated.js": "2f7ca85b2ceb80ec4b3d1b7f3a504956083258610c7b9a1246238c5b7c68f62d",
    "https://deno.land/x/deno_graph@0.26.0/lib/loader.ts": "380e37e71d0649eb50176a9786795988fc3c47063a520a54b616d7727b0f8629",
    "https://deno.land/x/deno_graph@0.26.0/lib/media_type.ts": "222626d524fa2f9ebcc0ec7c7a7d5dfc74cc401cc46790f7c5e0eab0b0787707",
    "https://deno.land/x/deno_graph@0.26.0/lib/snippets/deno_graph-de651bc9c240ed8d/src/deno_apis.js": "41192baaa550a5c6a146280fae358cede917ae16ec4e4315be51bef6631ca892",
    "https://deno.land/x/deno_graph@0.26.0/lib/types.d.ts": "2bbdbf895321d1df8db511fab00160a0211c09c2e7cac56c522dd6e9ed6d2ef7",
    "https://deno.land/x/deno_graph@0.26.0/mod.ts": "11131ae166580a1c7fa8506ff553751465a81c263d94443f18f353d0c320bc14",
    "https://deno.land/x/denoflate@1.2.1/mod.ts": "f5628e44b80b3d80ed525afa2ba0f12408e3849db817d47a883b801f9ce69dd6",
    "https://deno.land/x/denoflate@1.2.1/pkg/denoflate.js": "b9f9ad9457d3f12f28b1fb35c555f57443427f74decb403113d67364e4f2caf4",
    "https://deno.land/x/denoflate@1.2.1/pkg/denoflate_bg.wasm.js": "d581956245407a2115a3d7e8d85a9641c032940a8e810acbd59ca86afd34d44d",
    "https://deno.land/x/esbuild@v0.17.19/mod.d.ts": "dc279a3a46f084484453e617c0cabcd5b8bd1920c0e562e4ea02dfc828c8f968",
    "https://deno.land/x/esbuild@v0.17.19/mod.js": "7f4398625828a42fcb2c32da5eb874f16341d778e473d5403e5ebeee95a5b96b",
    "https://deno.land/x/esbuild_deno_loader@0.8.1/deps.ts": "987b50a1a921fcc84ddfcf1a1256cb955f6b16acac28a3fc77901c12c0752173",
    "https://deno.land/x/esbuild_deno_loader@0.8.1/mod.ts": "28524460bef46d487221b01ade6ed913d2e127de7eeee025ab75b34b491283da",
    "https://deno.land/x/esbuild_deno_loader@0.8.1/src/deno.ts": "b0af3e430c068f18c6fa48c2083a1b4354b6c303e16fb37855e02fcafb95f36d",
    "https://deno.land/x/esbuild_deno_loader@0.8.1/src/loader_native.ts": "0289d8708f47c876d6a4280592a8a12bb2d29676fedf25ddf222ecd6a1bb0bd8",
    "https://deno.land/x/esbuild_deno_loader@0.8.1/src/loader_portable.ts": "d999f452ef3d8ec2dd3c8443f542adf57efc8a2cd59b29cc41f5b3d7dff512e5",
    "https://deno.land/x/esbuild_deno_loader@0.8.1/src/plugin_deno_loader.ts": "166356133ee63d80e5559a10c18e10b625da96e39a4518b8c7adfef718bb4e32",
    "https://deno.land/x/esbuild_deno_loader@0.8.1/src/plugin_deno_resolver.ts": "0449ed23ae93db1ec74d015a46934aefd7ba7a8f719f7a4980b616cb3f5bbee4",
    "https://deno.land/x/esbuild_deno_loader@0.8.1/src/shared.ts": "33052684aeb542ebd24da372816bbbf885cd090a7ab0fde7770801f7f5b49572",
    "https://deno.land/x/importmap@0.2.1/_util.ts": "ada9a9618b537e6c0316c048a898352396c882b9f2de38aba18fd3f2950ede89",
    "https://deno.land/x/importmap@0.2.1/mod.ts": "ae3d1cd7eabd18c01a4960d57db471126b020f23b37ef14e1359bbb949227ade",
    "https://deno.land/x/indexeddb@1.3.4/lib/indexeddb.ts": "6d8eeec0c4074ed2e3ed5ae3c99e3b66703f772c791279d052680fe3b334de2d",
    "https://deno.land/x/indexeddb@1.3.4/lib/indexeddb_global.ts": "88269f2c9c97dbcb5641706bb17d14500eddb209da0fc8822ee4bbb5e57359f8",
    "https://deno.land/x/indexeddb@1.3.4/lib/shim.ts": "8b98a9395134220ac9dfe7314c3e27f37feffec0cab37dbf557f06f118b6eaad",
    "https://deno.land/x/indexeddb@1.3.4/polyfill.ts": "6a95a487f94d89f36f0d9255ee4ad916afc0fada8edb695f258f975c525ced22",
    "https://deno.land/x/media_types@v2.12.2/db.ts": "92e5f1735fd5896382e2cc6e94518cb57608777e2ac61c5f7bc1874b50df6f4d",
    "https://deno.land/x/media_types@v2.12.2/mod.ts": "e1efe50915092e680243f0f2709e3ac9d2c3c8bd94c40619d810e9ce075ea183",
    "https://deno.land/x/oak@v10.4.0/application.ts": "b5a2e9b83fb5d5d5aa166176cf9b40e38b4a531f3f7d8eb080c2eb21b314fe62",
    "https://deno.land/x/oak@v10.4.0/body.ts": "80ef7b8e7bb6bd7907ecdfb9148bffdbde10f9d3be9336d84075038473f804a1",
    "https://deno.land/x/oak@v10.4.0/buf_reader.ts": "7cf96aa0ac670b75098113cf88a291a68332cc45efa8a9698f064ac5b8098a0f",
    "https://deno.land/x/oak@v10.4.0/content_disposition.ts": "8b8c3cb2fba7138cd5b7f82fc3b5ea39b33db924a824b28261659db7e164621e",
    "https://deno.land/x/oak@v10.4.0/context.ts": "078306333a79f1010a49d5e9a05fca3dbc0c18fbda7610fa05400fa2e6eb9f95",
    "https://deno.land/x/oak@v10.4.0/cookies.ts": "d9f94b99f26c6169c6982ce12323c41a548d001bfc28f464264c22dc3dbf2181",
    "https://deno.land/x/oak@v10.4.0/deps.ts": "6c7f69a9d3a5d39113dda9b2792dbf18a43e653e4398a4cbd33801d917475ae2",
    "https://deno.land/x/oak@v10.4.0/etag.ts": "16d4189ac657244e4b0ced6eeca8dfc48cc229ed22e9baa744b43c9613bae57e",
    "https://deno.land/x/oak@v10.4.0/headers.ts": "9a28c40344e85be0877e192210f89d7de12fa3fc4e9c959f7480f6fc4006fcfe",
    "https://deno.land/x/oak@v10.4.0/helpers.ts": "42212afa07a560b2958359cc19577417e89d9574d6579551a0af36ff7f00cc6e",
    "https://deno.land/x/oak@v10.4.0/httpError.ts": "8368d20c2bbb1e97eab0f9de5752ed04217675b4b5f33862a4e0bde71a492096",
    "https://deno.land/x/oak@v10.4.0/http_server_native.ts": "383295e11355161352d7ad384b976e257e3f6b2c4deb0ae972f7a28f697341fc",
    "https://deno.land/x/oak@v10.4.0/http_server_native_request.ts": "07910ea2ed51af6c4e69addf9015cdd8d2b5c9ee03fd4993e386834a129a9eb6",
    "https://deno.land/x/oak@v10.4.0/isMediaType.ts": "e7457f8c14245a7bb9a3a48000d50e112bb6fcafeab8fd7bcff16363a0cd8687",
    "https://deno.land/x/oak@v10.4.0/keyStack.ts": "7594ef9ff4f9be12a4ad23471a5f8bcbdeb5c1ec8ff51229b47114176b5f280d",
    "https://deno.land/x/oak@v10.4.0/mediaTyper.ts": "042b853fc8e9c3f6c628dd389e03ef481552bf07242efc3f8a1af042102a6105",
    "https://deno.land/x/oak@v10.4.0/middleware.ts": "de14f045a2ddfe845d89b5d3140ff52cbcc6f3b3965391106ce04480f9786737",
    "https://deno.land/x/oak@v10.4.0/middleware/proxy.ts": "19903b903323742220842463b96008a57190f768663b4cca3b006907d1df1667",
    "https://deno.land/x/oak@v10.4.0/mod.ts": "7a1b5169ef702e96dd994168879dbcbd8af4f639578b6300cbe1c6995d7f3f32",
    "https://deno.land/x/oak@v10.4.0/multipart.ts": "060133289d9f7464fe372aa015ec9b31f15b6f2e2b2ae05e83853a85dce1273a",
    "https://deno.land/x/oak@v10.4.0/negotiation/charset.ts": "b4c2e0c49dd5122f130f95bf29508448d983c424801b5bc304b00288b5ae3195",
    "https://deno.land/x/oak@v10.4.0/negotiation/common.ts": "f54d599d37408005f8c565d0f6505de51fed31feaa3654a7758e2359c006b02c",
    "https://deno.land/x/oak@v10.4.0/negotiation/encoding.ts": "60eb0fc3df57cc39eaa739e0e9e2cda6c20b3aa429d1a0108f503065f5709bbe",
    "https://deno.land/x/oak@v10.4.0/negotiation/language.ts": "62ef13ea3146538dd52a4666611bd423ebb9a6438e7312398e17a4d16dbafb51",
    "https://deno.land/x/oak@v10.4.0/negotiation/mediaType.ts": "7e25cc34600beea3bf0b0879ff1783c752260fcb517dffea2e122830c36e8451",
    "https://deno.land/x/oak@v10.4.0/range.ts": "a64274e5b9924ea59c47f544e3a301bd8204e6bdf2561ea83e27993c5f03a874",
    "https://deno.land/x/oak@v10.4.0/request.ts": "50c16bd8f8adef03fbb280de8f23b8ea1927fa813bbc87041c35078ad74e70f1",
    "https://deno.land/x/oak@v10.4.0/response.ts": "04d5faebf53d79f69a093332fb2180904e8c47d3666f60754b72ef8aca4cfef0",
    "https://deno.land/x/oak@v10.4.0/router.ts": "21e9cd4c1d83c9a0848e5943074a5ea748932d8a5fee9ce528f8bd790eaf6483",
    "https://deno.land/x/oak@v10.4.0/send.ts": "aa445d3eb215d7c9a493c75529df4f965b93f15c73460608abf3ce13f237e652",
    "https://deno.land/x/oak@v10.4.0/server_sent_event.ts": "948b0fe4cb3fe38c7db15e476eb3b7671ef20e566d130e9f701d7c0146aa47dd",
    "https://deno.land/x/oak@v10.4.0/structured_clone.ts": "ecf42598652b8082f37252cb873d6e257ad728e6fe73c6bd61f343d94501fbde",
    "https://deno.land/x/oak@v10.4.0/testing.ts": "5a2c53dd48e0b45994de668082d26dba4c2a0694f2ceeb1e7c68d5aca170c73f",
    "https://deno.land/x/oak@v10.4.0/tssCompare.ts": "27f45f507ef21ba7b727b6c66b491543e6e1815c17194bf0b1d7a1ea5ab8027b",
    "https://deno.land/x/oak@v10.4.0/types.d.ts": "a952d39b03215604c12d13688ed868986591e9ea4db831e18df7021fde50d9d3",
    "https://deno.land/x/oak@v10.4.0/util.ts": "77f1d0aa270191319139a8368f39a73ce46aa3ed0d8fe286bdcbcf668828b313",
    "https://deno.land/x/path_to_regexp@v6.2.0/index.ts": "e94c04a44bbecac99ff2db2d831afe98b423e627b775cb57fc7935f848c64c51",
    "https://deno.land/x/pouchdb_deno@2.1.3-PouchDB+7.3.0/modules/pouchdb/mod.ts": "b4e222fc2bd757a612681b042942ab439c29d3fc209f7c64174017d96821b149",
    "https://deno.land/x/pouchdb_deno@2.1.3-PouchDB+7.3.0/modules/pouchdb_adapter_idb/mod.ts": "695e275de73379958cbad18a16ead7574fd145027437fbbbd0e9c093d1ee7791",
    "https://deno.land/x/pouchdb_deno@2.1.3-PouchDB+7.3.0/modules/pouchdb_adapter_indexeddb/mod.ts": "6ea5731b36637d7e4bcb8bd1fb8424648def9298c0fd112cf07f9c927259a8f3",
    "https://deno.land/x/pouchdb_deno@2.1.3-PouchDB+7.3.0/modules/pouchdb_adapter_memory/mod.ts": "3bf6d589e9e26111b9fc426fa5dd95653d6ee1a5e72bd8f690611e8d8bc6940a",
    "https://deno.land/x/pouchdb_deno@2.1.3-PouchDB+7.3.0/modules/pouchdb_deno_utils/capture_plugin.ts": "1e3c1fb0cb7406c8424affaa43ba4cd00378f2aa9b907ec62931fe6eb2e9112d",
    "https://deno.land/x/pouchdb_deno@2.1.3-PouchDB+7.3.0/modules/pouchdb_plugin_find/mod.ts": "cba575e0648b2f14b91e8df36961ecc55a7fb0822732ae11d911682b783215ca",
    "https://deno.land/x/pouchdb_deno@2.1.3-PouchDB+7.3.0/modules/pouchdb_plugin_upsert/mod.ts": "ba4f42ef9570e63bdf1cf7d760688e2003e7acfd8c9a9e137ac9d6e885ef00f7",
    "https://deno.land/x/pouchdb_deno@2.1.3-PouchDB+7.3.0/modules/pouchdb_types/pouchdb.ts": "a0bbe475adbd1d80dca17884f65b56c29861d578a49baac927834ce51ecfc739",
    "https://deno.land/x/sqlite@v3.3.0/build/sqlite.d.ts": "b52e6b5ea2e0517750be2ea1eae8da0edd5056c1f285247aa1c0153f4ef504ec",
    "https://deno.land/x/sqlite@v3.3.0/build/sqlite.js": "0b74712a5db206aa399f9833c40fd08eb24dfaff5dee77749e4bcadb333ec676",
    "https://deno.land/x/sqlite@v3.3.0/build/vfs.js": "baff72655c0916c906327fe6703c6a47daa1346e55c2eaa2629bcd879a673c8d",
    "https://deno.land/x/sqlite@v3.3.0/mod.ts": "eb55ff3e103826ee735fa1a8ec2db6e96c8fec826faf198239c66a0fe635c4b6",
    "https://deno.land/x/sqlite@v3.3.0/src/constants.ts": "b967237b460fafa03ca03aeddb33953bed41c7cbdc309a934e2329a5c84079ac",
    "https://deno.land/x/sqlite@v3.3.0/src/db.ts": "59b9c4fbe733da0e512dcd6b1f1f6a5ac8b165b565505670e9b81a73803dd36a",
    "https://deno.land/x/sqlite@v3.3.0/src/error.ts": "abf9df169951faf8c21a68d99ef9efd257c788c19784f27dd147507fbdfe5fe7",
    "https://deno.land/x/sqlite@v3.3.0/src/query.ts": "df4d3d6b23d52b36243dd47c07ed6ed7cd23f7834a0f6a2f2c6dbffba63d4c28",
    "https://deno.land/x/sqlite@v3.3.0/src/wasm.ts": "e79d0baa6e42423257fb3c7cc98091c54399254867e0f34a09b5bdef37bd9487",
    "https://deno.land/x/websql@1.3.2/deps.ts": "2bda07c0ee0eae5f23b5dde415c983c59fb945256f5a9026402eb9118945c025",
    "https://deno.land/x/websql@1.3.2/mod.ts": "e7a44b9f376761e5592facd30ed27acae47633275a32eed57cd64f16a461222f",
    "https://deno.land/x/websql@1.3.2/src/Database.ts": "ed5f8ae33165d2dd9c3ea1be0b427377628f9437bfe49bfabc32efb3908dc1d5",
    "https://deno.land/x/websql@1.3.2/src/SQLResultSet.ts": "fcd83582439c0032794fa26bbbe9e47790467fa5ef1cba1c8a9fddb334f23bf1",
    "https://deno.land/x/websql@1.3.2/src/SQLResultSetRowList.ts": "d13bda459cc73bc7e4d596a0411f1e4647d1204a8fddfd42a51720a20d4bf562",
    "https://deno.land/x/websql@1.3.2/src/SQLTransaction.ts": "bda17665d54793976957af94a300834e5f07ee546d67e919f14da2a7f77fc797",
    "https://deno.land/x/websql@1.3.2/src/SQLiteDBCache.ts": "0c5a67598e39e54c317b40fff3ffc9945e5a9ed0b0c91b5d8a2b379d59c4f4a4",
    "https://esm.sh/react-dom@17.0.2/server?pin=v68": "b3948263ac2030a4c8bf7fca661bbf2711e9d75e4cdf78522bff778a412a2be4",
    "https://esm.sh/react-dom@17.0.2?pin=v68": "113b6cfefac38454713a562b00838efd596ec46cf3e9beb45496092935c9b12f",
    "https://esm.sh/react@17.0.2?pin=v68": "827f204fe7200413604dc06416819bea84360e26caf4d46a4462c80c1f02fb48",
    "https://esm.sh/stable/react@17.0.2/denonext/react.mjs": "62727e748ad0c81968c3a4bbb693ef20c42be9344cc706fb015e4c46177eeb80",
    "https://esm.sh/v118/@types/prop-types@15.7.5/index.d.ts": "6a386ff939f180ae8ef064699d8b7b6e62bc2731a62d7fbf5e02589383838dea",
    "https://esm.sh/v118/@types/react@17.0.59/global.d.ts": "49a253ec027e56c55c7450a0c331cfe96212b3d1cc215b1710ba94a083404cf3",
    "https://esm.sh/v118/@types/react@17.0.59/index.d.ts": "405736868d055aff7a16624d1b1b9de072e79360b0ae25d0d8c04af1fb91f120",
    "https://esm.sh/v118/@types/scheduler@0.16.3/tracing.d.ts": "f5a8b384f182b3851cec3596ccc96cb7464f8d3469f48c74bf2befb782a19de5",
    "https://esm.sh/v118/csstype@3.1.2/index.d.ts": "4c68749a564a6facdf675416d75789ee5a557afda8960e0803cf6711fa569288",
    "https://esm.sh/v68/@types/react-dom@17.0.20/server~.d.ts": "d07aed3214c09be05b573367ceba12e0c6fdfb821e3eb898cc72deea6640194a",
    "https://esm.sh/v68/react-dom@17.0.2/denonext/cjs/react-dom-server.browser.production.min.js": "448b64150384289a60252a431f19249e73150b78d986a754ca188df7c9095d19",
    "https://esm.sh/v68/react-dom@17.0.2/denonext/react-dom.mjs": "25b1685877214545a6ef2bb7eda42401405bddbb97091d9b9f2907ee0ee91d94",
    "https://esm.sh/v68/react-dom@17.0.2/denonext/server.js": "708f26fcc6ea88e132212b5dfd436ef1e5f9570991f3f8880219fa025970601f",
    "https://esm.sh/v68/scheduler@0.20.2/denonext/scheduler.mjs": "22e03c34630e36d4841aebe299bd33b20732e01b7414bb00131f380c1fff2612"
  },
  "npm": {
    "specifiers": {
      "pocket": "pocket@0.1.0",
      "pouchdb-browser": "pouchdb-browser@8.0.1"
    },
    "packages": {
      "immediate@3.3.0": {
        "integrity": "sha512-HR7EVodfFUdQCTIeySw+WDRFJlPcLOJbXfwwZ7Oom6tjsvZ3bOkCDJHehQC3nxJrv7+f9XecwazynjU8e4Vw3Q==",
        "dependencies": {}
      },
      "mkdirp@3.0.1": {
        "integrity": "sha512-+NsyUUAZDmo6YVHzL/stxSu3t9YS1iljliy3BSDrXJ/dkn1KYdmtZODGGjLcc9XLgVVpH4KshHB8XmZgMhaBXg==",
        "dependencies": {}
      },
      "pocket@0.1.0": {
        "integrity": "sha512-YThiF4+wAf1fdCUpKflx3NzbmfrsAqLGKp2BIrIfakXtHnmJ4S8fqevLwzP+6q3JA66Gqi2rrVqqi+0OHbMvPw==",
        "dependencies": {
          "mkdirp": "mkdirp@3.0.1"
        }
      },
      "pouchdb-browser@8.0.1": {
        "integrity": "sha512-wXObS1Layd/gBRKwa6EBS99tFY9G3VPaMRu8ffWCohkpi9PZCm3z1xeB4P4S9Qecf0u5so+rxvbVVyTtgdhvaQ==",
        "dependencies": {
          "immediate": "immediate@3.3.0",
          "spark-md5": "spark-md5@3.0.2",
          "uuid": "uuid@8.3.2",
          "vuvuzela": "vuvuzela@1.0.3"
        }
      },
      "spark-md5@3.0.2": {
        "integrity": "sha512-wcFzz9cDfbuqe0FZzfi2or1sgyIrsDwmPwfZC4hiNidPdPINjeUwNfv5kldczoEAcjl9Y1L3SM7Uz2PUEQzxQw==",
        "dependencies": {}
      },
      "uuid@8.3.2": {
        "integrity": "sha512-+NYs2QeMWy+GWFOEm9xnn6HCDp0l7QBD7ml8zLUmJ+93Q5NF0NocErnwkTkXVFNiX3/fpC6afS8Dhb/gz7R7eg==",
        "dependencies": {}
      },
      "vuvuzela@1.0.3": {
        "integrity": "sha512-Tm7jR1xTzBbPW+6y1tknKiEhz04Wf/1iZkcTJjSFcpNko43+dFW6+OOeQe9taJIug3NdfUAjFKgUSyQrIKaDvQ==",
        "dependencies": {}
      }
    }
  }
}
